
Microsoft Visual Studio Solution File, Format Version 12.00
# Visual Studio Version 17
VisualStudioVersion = 17.14.36203.30
MinimumVisualStudioVersion = 10.0.40219.1
Project("{2150E333-8FDC-42A3-9474-1A3956D46DE8}") = "src", "src", "{02EA681E-C7D8-13C7-8484-4AC65E1B71E8}"
EndProject
Project("{2150E333-8FDC-42A3-9474-1A3956D46DE8}") = "services", "services", "{A9983877-7A3F-4556-8510-BC59B7CDA4DB}"
EndProject
Project("{2150E333-8FDC-42A3-9474-1A3956D46DE8}") = "catalog", "catalog", "{1910A9FF-7C0E-4F30-8C89-811A8BE4FE7A}"
EndProject
Project("{FAE04EC0-301F-11D3-BF4B-00C04F79EFBC}") = "OU.MicroService.Catalog.Api", "OU.MicroService.Catalog.Api\OU.MicroService.Catalog.Api.csproj", "{0E66A268-6DBC-497C-9EDD-C42CEAAB8B86}"
EndProject
Project("{E53339B2-1760-4266-BCC7-CA923CBCF16C}") = "docker-compose", "docker-compose.dcproj", "{81DDED9D-158B-E303-5F62-77A2896D2A5A}"
EndProject
Project("{2150E333-8FDC-42A3-9474-1A3956D46DE8}") = "shared", "shared", "{91399471-8CA0-4FAD-A9FB-242D667F93C7}"
EndProject
Project("{FAE04EC0-301F-11D3-BF4B-00C04F79EFBC}") = "OU.Microservice.Shared", "OU.Microservice.Shared\OU.Microservice.Shared.csproj", "{31E4D5F6-54D5-44E0-A32D-79AA8EAD6C63}"
EndProject
Project("{2150E333-8FDC-42A3-9474-1A3956D46DE8}") = "basket", "basket", "{AB51DF40-7CD1-4678-97ED-A29E621BD06A}"
EndProject
Project("{FAE04EC0-301F-11D3-BF4B-00C04F79EFBC}") = "OU.MicroService.Basket.Api", "OU.MicroService.Basket.Api\OU.MicroService.Basket.Api.csproj", "{45D71EA6-58F4-44C7-A850-58F7039BA020}"
EndProject
Project("{2150E333-8FDC-42A3-9474-1A3956D46DE8}") = "discount", "discount", "{609E6675-650F-488D-9CC4-CE6CDA726B6C}"
EndProject
Project("{FAE04EC0-301F-11D3-BF4B-00C04F79EFBC}") = "OU.MicroService.Discount.Api", "OU.MicroService.Siscount.Api\OU.MicroService.Discount.Api.csproj", "{9B4A2D68-BBFE-4DD1-8CBF-23461D5C75A0}"
EndProject
Project("{2150E333-8FDC-42A3-9474-1A3956D46DE8}") = "file", "file", "{9F1C09B4-2B55-4761-8B12-17CC7B0386CD}"
EndProject
Project("{FAE04EC0-301F-11D3-BF4B-00C04F79EFBC}") = "OU.MicroService.File.Api", "OU.MicroService.File.Api\OU.MicroService.File.Api.csproj", "{535E8918-D64E-4B27-9450-1103AAC1FF9A}"
EndProject
Project("{2150E333-8FDC-42A3-9474-1A3956D46DE8}") = "order", "order", "{0AF9BFF0-359D-452C-BE0D-65819F3BD948}"
EndProject
Project("{2150E333-8FDC-42A3-9474-1A3956D46DE8}") = "api", "api", "{0447E04B-261D-4DD4-B050-A1A1967F54CB}"
EndProject
Project("{2150E333-8FDC-42A3-9474-1A3956D46DE8}") = "core", "core", "{EE944128-1A54-4B6B-8781-25E387B8C033}"
EndProject
Project("{2150E333-8FDC-42A3-9474-1A3956D46DE8}") = "infrastructure", "infrastructure", "{61F26959-AF25-410B-A893-BC7AA94CBA25}"
EndProject
Project("{FAE04EC0-301F-11D3-BF4B-00C04F79EFBC}") = "OU.Microservice.Order.Api", "OU.Microservice.Order.Api\OU.Microservice.Order.Api.csproj", "{7F4AB794-0202-482F-A247-CDF2246B406D}"
EndProject
Project("{FAE04EC0-301F-11D3-BF4B-00C04F79EFBC}") = "OU.Microservice.Order.Domain", "OU.Microservice.Order.Domain\OU.Microservice.Order.Domain.csproj", "{09819891-6DFB-4C91-AF47-1A2744C55FD1}"
EndProject
Project("{FAE04EC0-301F-11D3-BF4B-00C04F79EFBC}") = "OU.Microservice.Order.Application", "OU.Microservice.Order.Application\OU.Microservice.Order.Application.csproj", "{6B4C3BDE-55C2-40B6-8E8D-B1D7A842622D}"
EndProject
Project("{FAE04EC0-301F-11D3-BF4B-00C04F79EFBC}") = "OU.Microservice.Order.Persistance", "OU.Microservice.Order.Persistance\OU.Microservice.Order.Persistance.csproj", "{A28DDBBA-73A8-42B7-8444-84C532BBECF7}"
EndProject
Project("{2150E333-8FDC-42A3-9474-1A3956D46DE8}") = "payment", "payment", "{2CA8BC54-2407-4AC0-B141-7FAF30BF0AD1}"
EndProject
Project("{FAE04EC0-301F-11D3-BF4B-00C04F79EFBC}") = "OU.Microservice.Payment.Api", "OU.Microservice.PAyment.Api\OU.Microservice.Payment.Api.csproj", "{D5F30E3A-67CA-4395-9A38-3872049380B8}"
EndProject
Project("{2150E333-8FDC-42A3-9474-1A3956D46DE8}") = "gateway", "gateway", "{41F98F38-939E-4EA1-B054-399EC4BA4FEC}"
EndProject
Project("{FAE04EC0-301F-11D3-BF4B-00C04F79EFBC}") = "OU.MicroService.Gateway", "OU.MicroService.Gateway\OU.MicroService.Gateway.csproj", "{B0C0BE2A-2ECC-43FA-BD1E-12E2BE55FECD}"
EndProject
Project("{FAE04EC0-301F-11D3-BF4B-00C04F79EFBC}") = "OU.Microservice.Bus", "OU.Microservice.Bus\OU.Microservice.Bus.csproj", "{06970389-A846-41C0-9976-E6AB01D09CD9}"
EndProject
Global
	GlobalSection(SolutionConfigurationPlatforms) = preSolution
		Debug|Any CPU = Debug|Any CPU
		Release|Any CPU = Release|Any CPU
	EndGlobalSection
	GlobalSection(ProjectConfigurationPlatforms) = postSolution
		{0E66A268-6DBC-497C-9EDD-C42CEAAB8B86}.Debug|Any CPU.ActiveCfg = Debug|Any CPU
		{0E66A268-6DBC-497C-9EDD-C42CEAAB8B86}.Debug|Any CPU.Build.0 = Debug|Any CPU
		{0E66A268-6DBC-497C-9EDD-C42CEAAB8B86}.Release|Any CPU.ActiveCfg = Release|Any CPU
		{0E66A268-6DBC-497C-9EDD-C42CEAAB8B86}.Release|Any CPU.Build.0 = Release|Any CPU
		{81DDED9D-158B-E303-5F62-77A2896D2A5A}.Debug|Any CPU.ActiveCfg = Debug|Any CPU
		{81DDED9D-158B-E303-5F62-77A2896D2A5A}.Debug|Any CPU.Build.0 = Debug|Any CPU
		{81DDED9D-158B-E303-5F62-77A2896D2A5A}.Release|Any CPU.ActiveCfg = Release|Any CPU
		{81DDED9D-158B-E303-5F62-77A2896D2A5A}.Release|Any CPU.Build.0 = Release|Any CPU
		{31E4D5F6-54D5-44E0-A32D-79AA8EAD6C63}.Debug|Any CPU.ActiveCfg = Debug|Any CPU
		{31E4D5F6-54D5-44E0-A32D-79AA8EAD6C63}.Debug|Any CPU.Build.0 = Debug|Any CPU
		{31E4D5F6-54D5-44E0-A32D-79AA8EAD6C63}.Release|Any CPU.ActiveCfg = Release|Any CPU
		{31E4D5F6-54D5-44E0-A32D-79AA8EAD6C63}.Release|Any CPU.Build.0 = Release|Any CPU
		{45D71EA6-58F4-44C7-A850-58F7039BA020}.Debug|Any CPU.ActiveCfg = Debug|Any CPU
		{45D71EA6-58F4-44C7-A850-58F7039BA020}.Debug|Any CPU.Build.0 = Debug|Any CPU
		{45D71EA6-58F4-44C7-A850-58F7039BA020}.Release|Any CPU.ActiveCfg = Release|Any CPU
		{45D71EA6-58F4-44C7-A850-58F7039BA020}.Release|Any CPU.Build.0 = Release|Any CPU
		{9B4A2D68-BBFE-4DD1-8CBF-23461D5C75A0}.Debug|Any CPU.ActiveCfg = Debug|Any CPU
		{9B4A2D68-BBFE-4DD1-8CBF-23461D5C75A0}.Debug|Any CPU.Build.0 = Debug|Any CPU
		{9B4A2D68-BBFE-4DD1-8CBF-23461D5C75A0}.Release|Any CPU.ActiveCfg = Release|Any CPU
		{9B4A2D68-BBFE-4DD1-8CBF-23461D5C75A0}.Release|Any CPU.Build.0 = Release|Any CPU
		{535E8918-D64E-4B27-9450-1103AAC1FF9A}.Debug|Any CPU.ActiveCfg = Debug|Any CPU
		{535E8918-D64E-4B27-9450-1103AAC1FF9A}.Debug|Any CPU.Build.0 = Debug|Any CPU
		{535E8918-D64E-4B27-9450-1103AAC1FF9A}.Release|Any CPU.ActiveCfg = Release|Any CPU
		{535E8918-D64E-4B27-9450-1103AAC1FF9A}.Release|Any CPU.Build.0 = Release|Any CPU
		{7F4AB794-0202-482F-A247-CDF2246B406D}.Debug|Any CPU.ActiveCfg = Debug|Any CPU
		{7F4AB794-0202-482F-A247-CDF2246B406D}.Debug|Any CPU.Build.0 = Debug|Any CPU
		{7F4AB794-0202-482F-A247-CDF2246B406D}.Release|Any CPU.ActiveCfg = Release|Any CPU
		{7F4AB794-0202-482F-A247-CDF2246B406D}.Release|Any CPU.Build.0 = Release|Any CPU
		{09819891-6DFB-4C91-AF47-1A2744C55FD1}.Debug|Any CPU.ActiveCfg = Debug|Any CPU
		{09819891-6DFB-4C91-AF47-1A2744C55FD1}.Debug|Any CPU.Build.0 = Debug|Any CPU
		{09819891-6DFB-4C91-AF47-1A2744C55FD1}.Release|Any CPU.ActiveCfg = Release|Any CPU
		{09819891-6DFB-4C91-AF47-1A2744C55FD1}.Release|Any CPU.Build.0 = Release|Any CPU
		{6B4C3BDE-55C2-40B6-8E8D-B1D7A842622D}.Debug|Any CPU.ActiveCfg = Debug|Any CPU
		{6B4C3BDE-55C2-40B6-8E8D-B1D7A842622D}.Debug|Any CPU.Build.0 = Debug|Any CPU
		{6B4C3BDE-55C2-40B6-8E8D-B1D7A842622D}.Release|Any CPU.ActiveCfg = Release|Any CPU
		{6B4C3BDE-55C2-40B6-8E8D-B1D7A842622D}.Release|Any CPU.Build.0 = Release|Any CPU
		{A28DDBBA-73A8-42B7-8444-84C532BBECF7}.Debug|Any CPU.ActiveCfg = Debug|Any CPU
		{A28DDBBA-73A8-42B7-8444-84C532BBECF7}.Debug|Any CPU.Build.0 = Debug|Any CPU
		{A28DDBBA-73A8-42B7-8444-84C532BBECF7}.Release|Any CPU.ActiveCfg = Release|Any CPU
		{A28DDBBA-73A8-42B7-8444-84C532BBECF7}.Release|Any CPU.Build.0 = Release|Any CPU
		{D5F30E3A-67CA-4395-9A38-3872049380B8}.Debug|Any CPU.ActiveCfg = Debug|Any CPU
		{D5F30E3A-67CA-4395-9A38-3872049380B8}.Debug|Any CPU.Build.0 = Debug|Any CPU
		{D5F30E3A-67CA-4395-9A38-3872049380B8}.Release|Any CPU.ActiveCfg = Release|Any CPU
		{D5F30E3A-67CA-4395-9A38-3872049380B8}.Release|Any CPU.Build.0 = Release|Any CPU
		{B0C0BE2A-2ECC-43FA-BD1E-12E2BE55FECD}.Debug|Any CPU.ActiveCfg = Debug|Any CPU
		{B0C0BE2A-2ECC-43FA-BD1E-12E2BE55FECD}.Debug|Any CPU.Build.0 = Debug|Any CPU
		{B0C0BE2A-2ECC-43FA-BD1E-12E2BE55FECD}.Release|Any CPU.ActiveCfg = Release|Any CPU
		{B0C0BE2A-2ECC-43FA-BD1E-12E2BE55FECD}.Release|Any CPU.Build.0 = Release|Any CPU
		{06970389-A846-41C0-9976-E6AB01D09CD9}.Debug|Any CPU.ActiveCfg = Debug|Any CPU
		{06970389-A846-41C0-9976-E6AB01D09CD9}.Debug|Any CPU.Build.0 = Debug|Any CPU
		{06970389-A846-41C0-9976-E6AB01D09CD9}.Release|Any CPU.ActiveCfg = Release|Any CPU
		{06970389-A846-41C0-9976-E6AB01D09CD9}.Release|Any CPU.Build.0 = Release|Any CPU
	EndGlobalSection
	GlobalSection(SolutionProperties) = preSolution
		HideSolutionNode = FALSE
	EndGlobalSection
	GlobalSection(NestedProjects) = preSolution
		{A9983877-7A3F-4556-8510-BC59B7CDA4DB} = {02EA681E-C7D8-13C7-8484-4AC65E1B71E8}
		{1910A9FF-7C0E-4F30-8C89-811A8BE4FE7A} = {A9983877-7A3F-4556-8510-BC59B7CDA4DB}
		{0E66A268-6DBC-497C-9EDD-C42CEAAB8B86} = {1910A9FF-7C0E-4F30-8C89-811A8BE4FE7A}
		{91399471-8CA0-4FAD-A9FB-242D667F93C7} = {02EA681E-C7D8-13C7-8484-4AC65E1B71E8}
		{31E4D5F6-54D5-44E0-A32D-79AA8EAD6C63} = {91399471-8CA0-4FAD-A9FB-242D667F93C7}
		{AB51DF40-7CD1-4678-97ED-A29E621BD06A} = {A9983877-7A3F-4556-8510-BC59B7CDA4DB}
		{45D71EA6-58F4-44C7-A850-58F7039BA020} = {AB51DF40-7CD1-4678-97ED-A29E621BD06A}
		{609E6675-650F-488D-9CC4-CE6CDA726B6C} = {A9983877-7A3F-4556-8510-BC59B7CDA4DB}
		{9B4A2D68-BBFE-4DD1-8CBF-23461D5C75A0} = {609E6675-650F-488D-9CC4-CE6CDA726B6C}
		{9F1C09B4-2B55-4761-8B12-17CC7B0386CD} = {A9983877-7A3F-4556-8510-BC59B7CDA4DB}
		{535E8918-D64E-4B27-9450-1103AAC1FF9A} = {9F1C09B4-2B55-4761-8B12-17CC7B0386CD}
		{0AF9BFF0-359D-452C-BE0D-65819F3BD948} = {A9983877-7A3F-4556-8510-BC59B7CDA4DB}
		{0447E04B-261D-4DD4-B050-A1A1967F54CB} = {0AF9BFF0-359D-452C-BE0D-65819F3BD948}
		{EE944128-1A54-4B6B-8781-25E387B8C033} = {0AF9BFF0-359D-452C-BE0D-65819F3BD948}
		{61F26959-AF25-410B-A893-BC7AA94CBA25} = {0AF9BFF0-359D-452C-BE0D-65819F3BD948}
		{7F4AB794-0202-482F-A247-CDF2246B406D} = {0447E04B-261D-4DD4-B050-A1A1967F54CB}
		{09819891-6DFB-4C91-AF47-1A2744C55FD1} = {EE944128-1A54-4B6B-8781-25E387B8C033}
		{6B4C3BDE-55C2-40B6-8E8D-B1D7A842622D} = {EE944128-1A54-4B6B-8781-25E387B8C033}
		{A28DDBBA-73A8-42B7-8444-84C532BBECF7} = {61F26959-AF25-410B-A893-BC7AA94CBA25}
		{2CA8BC54-2407-4AC0-B141-7FAF30BF0AD1} = {A9983877-7A3F-4556-8510-BC59B7CDA4DB}
		{D5F30E3A-67CA-4395-9A38-3872049380B8} = {2CA8BC54-2407-4AC0-B141-7FAF30BF0AD1}
		{41F98F38-939E-4EA1-B054-399EC4BA4FEC} = {A9983877-7A3F-4556-8510-BC59B7CDA4DB}
		{B0C0BE2A-2ECC-43FA-BD1E-12E2BE55FECD} = {41F98F38-939E-4EA1-B054-399EC4BA4FEC}
		{06970389-A846-41C0-9976-E6AB01D09CD9} = {91399471-8CA0-4FAD-A9FB-242D667F93C7}
	EndGlobalSection
	GlobalSection(ExtensibilityGlobals) = postSolution
		SolutionGuid = {7AD30C4E-BFED-422F-82AA-37EDC849B9C5}
	EndGlobalSection
EndGlobal
